
Microsoft Visual Studio Solution File, Format Version 12.00
# Visual Studio 15
VisualStudioVersion = 15.0.28010.2036
MinimumVisualStudioVersion = 10.0.40219.1
Project("{FAE04EC0-301F-11D3-BF4B-00C04F79EFBC}") = "tercera clase", "tercera clase\tercera clase.csproj", "{B77AF291-7761-4B45-B764-FD3D5795BD7F}"
EndProject
Global
	GlobalSection(SolutionConfigurationPlatforms) = preSolution
		Debug|Any CPU = Debug|Any CPU
		Release|Any CPU = Release|Any CPU
	EndGlobalSection
	GlobalSection(ProjectConfigurationPlatforms) = postSolution
		{B77AF291-7761-4B45-B764-FD3D5795BD7F}.Debug|Any CPU.ActiveCfg = Debug|Any CPU
		{B77AF291-7761-4B45-B764-FD3D5795BD7F}.Debug|Any CPU.Build.0 = Debug|Any CPU
		{B77AF291-7761-4B45-B764-FD3D5795BD7F}.Release|Any CPU.ActiveCfg = Release|Any CPU
		{B77AF291-7761-4B45-B764-FD3D5795BD7F}.Release|Any CPU.Build.0 = Release|Any CPU
	EndGlobalSection
	GlobalSection(SolutionProperties) = preSolution
		HideSolutionNode = FALSE
	EndGlobalSection
	GlobalSection(ExtensibilityGlobals) = postSolution
		SolutionGuid = {D8DA12EA-533D-4459-BCC1-FE81774A73C4}
	EndGlobalSection
EndGlobal
