
Microsoft Visual Studio Solution File, Format Version 12.00
# Visual Studio 15
VisualStudioVersion = 15.0.28010.2036
MinimumVisualStudioVersion = 10.0.40219.1
Project("{FAE04EC0-301F-11D3-BF4B-00C04F79EFBC}") = "tarea 2", "tarea 2\tarea 2.csproj", "{A1F0A343-BCFB-4DC1-867C-978EA179B972}"
EndProject
Global
	GlobalSection(SolutionConfigurationPlatforms) = preSolution
		Debug|Any CPU = Debug|Any CPU
		Release|Any CPU = Release|Any CPU
	EndGlobalSection
	GlobalSection(ProjectConfigurationPlatforms) = postSolution
		{A1F0A343-BCFB-4DC1-867C-978EA179B972}.Debug|Any CPU.ActiveCfg = Debug|Any CPU
		{A1F0A343-BCFB-4DC1-867C-978EA179B972}.Debug|Any CPU.Build.0 = Debug|Any CPU
		{A1F0A343-BCFB-4DC1-867C-978EA179B972}.Release|Any CPU.ActiveCfg = Release|Any CPU
		{A1F0A343-BCFB-4DC1-867C-978EA179B972}.Release|Any CPU.Build.0 = Release|Any CPU
	EndGlobalSection
	GlobalSection(SolutionProperties) = preSolution
		HideSolutionNode = FALSE
	EndGlobalSection
	GlobalSection(ExtensibilityGlobals) = postSolution
		SolutionGuid = {8CB461D8-CA8F-469B-AB0A-D32A9DC32F49}
	EndGlobalSection
EndGlobal
