
Microsoft Visual Studio Solution File, Format Version 12.00
# Visual Studio 15
VisualStudioVersion = 15.0.28010.2036
MinimumVisualStudioVersion = 10.0.40219.1
Project("{FAE04EC0-301F-11D3-BF4B-00C04F79EFBC}") = "app mike", "app mike\app mike.csproj", "{56CCF1C0-06F2-4019-B13D-E906DDAAB8BE}"
EndProject
Global
	GlobalSection(SolutionConfigurationPlatforms) = preSolution
		Debug|Any CPU = Debug|Any CPU
		Release|Any CPU = Release|Any CPU
	EndGlobalSection
	GlobalSection(ProjectConfigurationPlatforms) = postSolution
		{56CCF1C0-06F2-4019-B13D-E906DDAAB8BE}.Debug|Any CPU.ActiveCfg = Debug|Any CPU
		{56CCF1C0-06F2-4019-B13D-E906DDAAB8BE}.Debug|Any CPU.Build.0 = Debug|Any CPU
		{56CCF1C0-06F2-4019-B13D-E906DDAAB8BE}.Release|Any CPU.ActiveCfg = Release|Any CPU
		{56CCF1C0-06F2-4019-B13D-E906DDAAB8BE}.Release|Any CPU.Build.0 = Release|Any CPU
	EndGlobalSection
	GlobalSection(SolutionProperties) = preSolution
		HideSolutionNode = FALSE
	EndGlobalSection
	GlobalSection(ExtensibilityGlobals) = postSolution
		SolutionGuid = {FCA048B0-39C8-4E14-9037-9E17AF967907}
	EndGlobalSection
EndGlobal
