
Microsoft Visual Studio Solution File, Format Version 12.00
# Visual Studio 15
VisualStudioVersion = 15.0.28010.2036
MinimumVisualStudioVersion = 10.0.40219.1
Project("{FAE04EC0-301F-11D3-BF4B-00C04F79EFBC}") = "ConsoleApp1", "ConsoleApp1\ConsoleApp1.csproj", "{273806A1-68DA-4FD1-8BBE-243D422DC927}"
EndProject
Global
	GlobalSection(SolutionConfigurationPlatforms) = preSolution
		Debug|Any CPU = Debug|Any CPU
		Release|Any CPU = Release|Any CPU
	EndGlobalSection
	GlobalSection(ProjectConfigurationPlatforms) = postSolution
		{273806A1-68DA-4FD1-8BBE-243D422DC927}.Debug|Any CPU.ActiveCfg = Debug|Any CPU
		{273806A1-68DA-4FD1-8BBE-243D422DC927}.Debug|Any CPU.Build.0 = Debug|Any CPU
		{273806A1-68DA-4FD1-8BBE-243D422DC927}.Release|Any CPU.ActiveCfg = Release|Any CPU
		{273806A1-68DA-4FD1-8BBE-243D422DC927}.Release|Any CPU.Build.0 = Release|Any CPU
	EndGlobalSection
	GlobalSection(SolutionProperties) = preSolution
		HideSolutionNode = FALSE
	EndGlobalSection
	GlobalSection(ExtensibilityGlobals) = postSolution
		SolutionGuid = {ABE673D6-250B-4AA1-93AF-8C21C57383A9}
	EndGlobalSection
EndGlobal
