
Microsoft Visual Studio Solution File, Format Version 12.00
# Visual Studio 15
VisualStudioVersion = 15.0.28010.2036
MinimumVisualStudioVersion = 10.0.40219.1
Project("{FAE04EC0-301F-11D3-BF4B-00C04F79EFBC}") = "tabla", "tabla\tabla.csproj", "{3DE82C92-F9E9-4F1A-B3E4-6BE1377FEB07}"
EndProject
Global
	GlobalSection(SolutionConfigurationPlatforms) = preSolution
		Debug|Any CPU = Debug|Any CPU
		Release|Any CPU = Release|Any CPU
	EndGlobalSection
	GlobalSection(ProjectConfigurationPlatforms) = postSolution
		{3DE82C92-F9E9-4F1A-B3E4-6BE1377FEB07}.Debug|Any CPU.ActiveCfg = Debug|Any CPU
		{3DE82C92-F9E9-4F1A-B3E4-6BE1377FEB07}.Debug|Any CPU.Build.0 = Debug|Any CPU
		{3DE82C92-F9E9-4F1A-B3E4-6BE1377FEB07}.Release|Any CPU.ActiveCfg = Release|Any CPU
		{3DE82C92-F9E9-4F1A-B3E4-6BE1377FEB07}.Release|Any CPU.Build.0 = Release|Any CPU
	EndGlobalSection
	GlobalSection(SolutionProperties) = preSolution
		HideSolutionNode = FALSE
	EndGlobalSection
	GlobalSection(ExtensibilityGlobals) = postSolution
		SolutionGuid = {9C619CB7-C9FB-49AB-AC92-99A7802FA48C}
	EndGlobalSection
EndGlobal
